<?xml version="1.0" encoding="UTF-8" standalone="yes" ?>
<CodeBlocks_project_file>
	<FileVersion major="1" minor="6" />
	<Project>
		<Option title="GisToSWMM5" />
		<Option pch_mode="2" />
		<Option compiler="gcc" />
		<Build>
			<Target title="Debug">
				<Option output="../bin/Debug/GisToSWMM5" prefix_auto="1" extension_auto="1" />
				<Option object_output="../obj/Debug/" />
				<Option type="1" />
				<Option compiler="gcc" />
				<Option parameters="/u/93/tjniemi/unix/LOCAL_STORAGE/urban/data/pakila/lansi-pakila_raster_dem_2x2m_01.asc /u/93/tjniemi/unix/LOCAL_STORAGE/urban/data/pakila/lansi-pakila_raster_landuse_2x2m_01.asc /u/93/tjniemi/unix/LOCAL_STORAGE/urban/data/pakila/lansi-pakila_table_catchment_props_01.csv /u/93/tjniemi/unix/LOCAL_STORAGE/urban/data/pakila/lansi-pakila_table_junctions_01.csv /u/93/tjniemi/unix/LOCAL_STORAGE/urban/data/pakila/lansi-pakila_table_conduits_01.csv /u/93/tjniemi/unix/LOCAL_STORAGE/urban/data/pakila/lansi-pakila_table_outfalls_01.csv /u/93/tjniemi/unix/LOCAL_STORAGE/urban/data/pakila/lansi-pakila_table_header_2015_01.csv /u/93/tjniemi/unix/LOCAL_STORAGE/urban/data/common/common_table_evaporation_01.csv /u/93/tjniemi/unix/LOCAL_STORAGE/urban/data/common/common_table_temperature_01.csv /u/93/tjniemi/unix/LOCAL_STORAGE/urban/data/common/common_table_snowpacks_01.csv /u/93/tjniemi/unix/LOCAL_STORAGE/urban/data/common/common_table_raingages_01.csv /u/93/tjniemi/unix/LOCAL_STORAGE/urban/data/common/common_table_inflows_01.csv /u/93/tjniemi/unix/LOCAL_STORAGE/urban/data/common/common_table_timeseries_01.csv /u/93/tjniemi/unix/LOCAL_STORAGE/urban/data/common/common_table_pumps_01.csv /u/93/tjniemi/unix/LOCAL_STORAGE/urban/data/common/common_table_pumpcurves_01.csv /u/93/tjniemi/unix/LOCAL_STORAGE/urban/data/common/common_table_storage_01.csv /u/93/tjniemi/unix/LOCAL_STORAGE/urban/data/common/common_table_dwf_01.csv /u/93/tjniemi/unix/LOCAL_STORAGE/urban/data/common/common_table_patterns_01.csv /u/93/tjniemi/unix/LOCAL_STORAGE/urban/data/pakila/lansi-pakila_table_losses_01.csv /u/93/tjniemi/unix/LOCAL_STORAGE/urban/data/pakila/lansi-pakila_table_xsections_01.csv /u/93/tjniemi/unix/LOCAL_STORAGE/urban/data/pakila/lansi-pakila_table_report_01.csv /u/93/tjniemi/unix/LOCAL_STORAGE/urban/data/pakila/lansi-pakila_table_symbols_01.csv /u/93/tjniemi/unix/LOCAL_STORAGE/urban/out/GisToSWMM5_tests/pakila_SWMM5_2x2" />
				<Compiler>
					<Add option="-g" />
				</Compiler>
			</Target>
			<Target title="Release">
				<Option output="../bin/Release/GisToSWMM5" prefix_auto="1" extension_auto="1" />
				<Option object_output="../obj/Release/" />
				<Option type="1" />
				<Option compiler="gcc" />
				<Compiler>
					<Add option="-O2" />
				</Compiler>
				<Linker>
					<Add option="-s" />
				</Linker>
			</Target>
		</Build>
		<Compiler>
			<Add option="-Wall" />
			<Add option="-std=c++11" />
			<Add option="-fexceptions" />
		</Compiler>
		<Unit filename="Cell.cpp" />
		<Unit filename="Cell.h" />
		<Unit filename="Definitions.h" />
		<Unit filename="FileIO.cpp" />
		<Unit filename="FileIO.h" />
		<Unit filename="Grid.cpp" />
		<Unit filename="Grid.h" />
		<Unit filename="Raster.cpp" />
		<Unit filename="Raster.h" />
		<Unit filename="Table.cpp" />
		<Unit filename="Table.h" />
		<Unit filename="Vertex.cpp" />
		<Unit filename="Vertex.h" />
		<Unit filename="main.cpp" />
		<Unit filename="main.h" />
		<Extensions>
			<envvars />
			<code_completion />
			<lib_finder disable_auto="1" />
			<debugger />
		</Extensions>
	</Project>
</CodeBlocks_project_file>
